// !$*UTF8*$!
{
	archiveVersion = 1;
	classes = {
	};
	objectVersion = 48;
	objects = {

/* Begin PBXBuildFile section */
		D20129021FCFED560097A967 /* AppDelegate.m in Sources */ = {isa = PBXBuildFile; fileRef = D20129011FCFED560097A967 /* AppDelegate.m */; };
		D20129051FCFED560097A967 /* ViewController.m in Sources */ = {isa = PBXBuildFile; fileRef = D20129041FCFED560097A967 /* ViewController.m */; };
		D20129081FCFED560097A967 /* Main.storyboard in Resources */ = {isa = PBXBuildFile; fileRef = D20129061FCFED560097A967 /* Main.storyboard */; };
		D201290A1FCFED560097A967 /* Assets.xcassets in Resources */ = {isa = PBXBuildFile; fileRef = D20129091FCFED560097A967 /* Assets.xcassets */; };
		D201290D1FCFED560097A967 /* LaunchScreen.storyboard in Resources */ = {isa = PBXBuildFile; fileRef = D201290B1FCFED560097A967 /* LaunchScreen.storyboard */; };
		D20129101FCFED560097A967 /* main.m in Sources */ = {isa = PBXBuildFile; fileRef = D201290F1FCFED560097A967 /* main.m */; };
		D201291A1FCFED560097A967 /* HJAudioBubbleDemoTests.m in Sources */ = {isa = PBXBuildFile; fileRef = D20129191FCFED560097A967 /* HJAudioBubbleDemoTests.m */; };
		D20129251FCFED560097A967 /* HJAudioBubbleDemoUITests.m in Sources */ = {isa = PBXBuildFile; fileRef = D20129241FCFED560097A967 /* HJAudioBubbleDemoUITests.m */; };
/* End PBXBuildFile section */

/* Begin PBXContainerItemProxy section */
		D20129161FCFED560097A967 /* PBXContainerItemProxy */ = {
			isa = PBXContainerItemProxy;
			containerPortal = D20128F51FCFED560097A967 /* Project object */;
			proxyType = 1;
			remoteGlobalIDString = D20128FC1FCFED560097A967;
			remoteInfo = HJAudioBubbleDemo;
		};
		D20129211FCFED560097A967 /* PBXContainerItemProxy */ = {
			isa = PBXContainerItemProxy;
			containerPortal = D20128F51FCFED560097A967 /* Project object */;
			proxyType = 1;
			remoteGlobalIDString = D20128FC1FCFED560097A967;
			remoteInfo = HJAudioBubbleDemo;
		};
/* End PBXContainerItemProxy section */

/* Begin PBXFileReference section */
		D20128FD1FCFED560097A967 /* HJAudioBubbleDemo.app */ = {isa = PBXFileReference; explicitFileType = wrapper.application; includeInIndex = 0; path = HJAudioBubbleDemo.app; sourceTree = BUILT_PRODUCTS_DIR; };
		D20129001FCFED560097A967 /* AppDelegate.h */ = {isa = PBXFileReference; lastKnownFileType = sourcecode.c.h; path = AppDelegate.h; sourceTree = "<group>"; };
		D20129011FCFED560097A967 /* AppDelegate.m */ = {isa = PBXFileReference; lastKnownFileType = sourcecode.c.objc; path = AppDelegate.m; sourceTree = "<group>"; };
		D20129031FCFED560097A967 /* ViewController.h */ = {isa = PBXFileReference; lastKnownFileType = sourcecode.c.h; path = ViewController.h; sourceTree = "<group>"; };
		D20129041FCFED560097A967 /* ViewController.m */ = {isa = PBXFileReference; lastKnownFileType = sourcecode.c.objc; path = ViewController.m; sourceTree = "<group>"; };
		D20129071FCFED560097A967 /* Base */ = {isa = PBXFileReference; lastKnownFileType = file.storyboard; name = Base; path = Base.lproj/Main.storyboard; sourceTree = "<group>"; };
		D20129091FCFED560097A967 /* Assets.xcassets */ = {isa = PBXFileReference; lastKnownFileType = folder.assetcatalog; path = Assets.xcassets; sourceTree = "<group>"; };
		D201290C1FCFED560097A967 /* Base */ = {isa = PBXFileReference; lastKnownFileType = file.storyboard; name = Base; path = Base.lproj/LaunchScreen.storyboard; sourceTree = "<group>"; };
		D201290E1FCFED560097A967 /* Info.plist */ = {isa = PBXFileReference; lastKnownFileType = text.plist.xml; path = Info.plist; sourceTree = "<group>"; };
		D201290F1FCFED560097A967 /* main.m */ = {isa = PBXFileReference; lastKnownFileType = sourcecode.c.objc; path = main.m; sourceTree = "<group>"; };
		D20129151FCFED560097A967 /* HJAudioBubbleDemoTests.xctest */ = {isa = PBXFileReference; explicitFileType = wrapper.cfbundle; includeInIndex = 0; path = HJAudioBubbleDemoTests.xctest; sourceTree = BUILT_PRODUCTS_DIR; };
		D20129191FCFED560097A967 /* HJAudioBubbleDemoTests.m */ = {isa = PBXFileReference; lastKnownFileType = sourcecode.c.objc; path = HJAudioBubbleDemoTests.m; sourceTree = "<group>"; };
		D201291B1FCFED560097A967 /* Info.plist */ = {isa = PBXFileReference; lastKnownFileType = text.plist.xml; path = Info.plist; sourceTree = "<group>"; };
		D20129201FCFED560097A967 /* HJAudioBubbleDemoUITests.xctest */ = {isa = PBXFileReference; explicitFileType = wrapper.cfbundle; includeInIndex = 0; path = HJAudioBubbleDemoUITests.xctest; sourceTree = BUILT_PRODUCTS_DIR; };
		D20129241FCFED560097A967 /* HJAudioBubbleDemoUITests.m */ = {isa = PBXFileReference; lastKnownFileType = sourcecode.c.objc; path = HJAudioBubbleDemoUITests.m; sourceTree = "<group>"; };
		D20129261FCFED560097A967 /* Info.plist */ = {isa = PBXFileReference; lastKnownFileType = text.plist.xml; path = Info.plist; sourceTree = "<group>"; };
/* End PBXFileReference section */

/* Begin PBXFrameworksBuildPhase section */
		D20128FA1FCFED560097A967 /* Frameworks */ = {
			isa = PBXFrameworksBuildPhase;
			buildActionMask = 2147483647;
			files = (
			);
			runOnlyForDeploymentPostprocessing = 0;
		};
		D20129121FCFED560097A967 /* Frameworks */ = {
			isa = PBXFrameworksBuildPhase;
			buildActionMask = 2147483647;
			files = (
			);
			runOnlyForDeploymentPostprocessing = 0;
		};
		D201291D1FCFED560097A967 /* Frameworks */ = {
			isa = PBXFrameworksBuildPhase;
			buildActionMask = 2147483647;
			files = (
			);
			runOnlyForDeploymentPostprocessing = 0;
		};
/* End PBXFrameworksBuildPhase section */

/* Begin PBXGroup section */
		D20128F41FCFED560097A967 = {
			isa = PBXGroup;
			children = (
				D20128FF1FCFED560097A967 /* HJAudioBubbleDemo */,
				D20129181FCFED560097A967 /* HJAudioBubbleDemoTests */,
				D20129231FCFED560097A967 /* HJAudioBubbleDemoUITests */,
				D20128FE1FCFED560097A967 /* Products */,
			);
			sourceTree = "<group>";
		};
		D20128FE1FCFED560097A967 /* Products */ = {
			isa = PBXGroup;
			children = (
				D20128FD1FCFED560097A967 /* HJAudioBubbleDemo.app */,
				D20129151FCFED560097A967 /* HJAudioBubbleDemoTests.xctest */,
				D20129201FCFED560097A967 /* HJAudioBubbleDemoUITests.xctest */,
			);
			name = Products;
			sourceTree = "<group>";
		};
		D20128FF1FCFED560097A967 /* HJAudioBubbleDemo */ = {
			isa = PBXGroup;
			children = (
				D20129001FCFED560097A967 /* AppDelegate.h */,
				D20129011FCFED560097A967 /* AppDelegate.m */,
				D20129031FCFED560097A967 /* ViewController.h */,
				D20129041FCFED560097A967 /* ViewController.m */,
				D20129061FCFED560097A967 /* Main.storyboard */,
				D20129091FCFED560097A967 /* Assets.xcassets */,
				D201290B1FCFED560097A967 /* LaunchScreen.storyboard */,
				D201290E1FCFED560097A967 /* Info.plist */,
				D201290F1FCFED560097A967 /* main.m */,
			);
			path = HJAudioBubbleDemo;
			sourceTree = "<group>";
		};
		D20129181FCFED560097A967 /* HJAudioBubbleDemoTests */ = {
			isa = PBXGroup;
			children = (
				D20129191FCFED560097A967 /* HJAudioBubbleDemoTests.m */,
				D201291B1FCFED560097A967 /* Info.plist */,
			);
			path = HJAudioBubbleDemoTests;
			sourceTree = "<group>";
		};
		D20129231FCFED560097A967 /* HJAudioBubbleDemoUITests */ = {
			isa = PBXGroup;
			children = (
				D20129241FCFED560097A967 /* HJAudioBubbleDemoUITests.m */,
				D20129261FCFED560097A967 /* Info.plist */,
			);
			path = HJAudioBubbleDemoUITests;
			sourceTree = "<group>";
		};
/* End PBXGroup section */

/* Begin PBXNativeTarget section */
		D20128FC1FCFED560097A967 /* HJAudioBubbleDemo */ = {
			isa = PBXNativeTarget;
			buildConfigurationList = D20129291FCFED560097A967 /* Build configuration list for PBXNativeTarget "HJAudioBubbleDemo" */;
			buildPhases = (
				D20128F91FCFED560097A967 /* Sources */,
				D20128FA1FCFED560097A967 /* Frameworks */,
				D20128FB1FCFED560097A967 /* Resources */,
			);
			buildRules = (
			);
			dependencies = (
			);
			name = HJAudioBubbleDemo;
			productName = HJAudioBubbleDemo;
			productReference = D20128FD1FCFED560097A967 /* HJAudioBubbleDemo.app */;
			productType = "com.apple.product-type.application";
		};
		D20129141FCFED560097A967 /* HJAudioBubbleDemoTests */ = {
			isa = PBXNativeTarget;
			buildConfigurationList = D201292C1FCFED560097A967 /* Build configuration list for PBXNativeTarget "HJAudioBubbleDemoTests" */;
			buildPhases = (
				D20129111FCFED560097A967 /* Sources */,
				D20129121FCFED560097A967 /* Frameworks */,
				D20129131FCFED560097A967 /* Resources */,
			);
			buildRules = (
			);
			dependencies = (
				D20129171FCFED560097A967 /* PBXTargetDependency */,
			);
			name = HJAudioBubbleDemoTests;
			productName = HJAudioBubbleDemoTests;
			productReference = D20129151FCFED560097A967 /* HJAudioBubbleDemoTests.xctest */;
			productType = "com.apple.product-type.bundle.unit-test";
		};
		D201291F1FCFED560097A967 /* HJAudioBubbleDemoUITests */ = {
			isa = PBXNativeTarget;
			buildConfigurationList = D201292F1FCFED560097A967 /* Build configuration list for PBXNativeTarget "HJAudioBubbleDemoUITests" */;
			buildPhases = (
				D201291C1FCFED560097A967 /* Sources */,
				D201291D1FCFED560097A967 /* Frameworks */,
				D201291E1FCFED560097A967 /* Resources */,
			);
			buildRules = (
			);
			dependencies = (
				D20129221FCFED560097A967 /* PBXTargetDependency */,
			);
			name = HJAudioBubbleDemoUITests;
			productName = HJAudioBubbleDemoUITests;
			productReference = D20129201FCFED560097A967 /* HJAudioBubbleDemoUITests.xctest */;
			productType = "com.apple.product-type.bundle.ui-testing";
		};
/* End PBXNativeTarget section */

/* Begin PBXProject section */
		D20128F51FCFED560097A967 /* Project object */ = {
			isa = PBXProject;
			attributes = {
				LastUpgradeCheck = 0910;
				ORGANIZATIONNAME = WHJ;
				TargetAttributes = {
					D20128FC1FCFED560097A967 = {
						CreatedOnToolsVersion = 9.1;
						ProvisioningStyle = Automatic;
					};
					D20129141FCFED560097A967 = {
						CreatedOnToolsVersion = 9.1;
						ProvisioningStyle = Automatic;
						TestTargetID = D20128FC1FCFED560097A967;
					};
					D201291F1FCFED560097A967 = {
						CreatedOnToolsVersion = 9.1;
						ProvisioningStyle = Automatic;
						TestTargetID = D20128FC1FCFED560097A967;
					};
				};
			};
			buildConfigurationList = D20128F81FCFED560097A967 /* Build configuration list for PBXProject "HJAudioBubbleDemo" */;
			compatibilityVersion = "Xcode 8.0";
			developmentRegion = en;
			hasScannedForEncodings = 0;
			knownRegions = (
				en,
				Base,
			);
			mainGroup = D20128F41FCFED560097A967;
			productRefGroup = D20128FE1FCFED560097A967 /* Products */;
			projectDirPath = "";
			projectRoot = "";
			targets = (
				D20128FC1FCFED560097A967 /* HJAudioBubbleDemo */,
				D20129141FCFED560097A967 /* HJAudioBubbleDemoTests */,
				D201291F1FCFED560097A967 /* HJAudioBubbleDemoUITests */,
			);
		};
/* End PBXProject section */

/* Begin PBXResourcesBuildPhase section */
		D20128FB1FCFED560097A967 /* Resources */ = {
			isa = PBXResourcesBuildPhase;
			buildActionMask = 2147483647;
			files = (
				D201290D1FCFED560097A967 /* LaunchScreen.storyboard in Resources */,
				D201290A1FCFED560097A967 /* Assets.xcassets in Resources */,
				D20129081FCFED560097A967 /* Main.storyboard in Resources */,
			);
			runOnlyForDeploymentPostprocessing = 0;
		};
		D20129131FCFED560097A967 /* Resources */ = {
			isa = PBXResourcesBuildPhase;
			buildActionMask = 2147483647;
			files = (
			);
			runOnlyForDeploymentPostprocessing = 0;
		};
		D201291E1FCFED560097A967 /* Resources */ = {
			isa = PBXResourcesBuildPhase;
			buildActionMask = 2147483647;
			files = (
			);
			runOnlyForDeploymentPostprocessing = 0;
		};
/* End PBXResourcesBuildPhase section */

/* Begin PBXSourcesBuildPhase section */
		D20128F91FCFED560097A967 /* Sources */ = {
			isa = PBXSourcesBuildPhase;
			buildActionMask = 2147483647;
			files = (
				D20129051FCFED560097A967 /* ViewController.m in Sources */,
				D20129101FCFED560097A967 /* main.m in Sources */,
				D20129021FCFED560097A967 /* AppDelegate.m in Sources */,
			);
			runOnlyForDeploymentPostprocessing = 0;
		};
		D20129111FCFED560097A967 /* Sources */ = {
			isa = PBXSourcesBuildPhase;
			buildActionMask = 2147483647;
			files = (
				D201291A1FCFED560097A967 /* HJAudioBubbleDemoTests.m in Sources */,
			);
			runOnlyForDeploymentPostprocessing = 0;
		};
		D201291C1FCFED560097A967 /* Sources */ = {
			isa = PBXSourcesBuildPhase;
			buildActionMask = 2147483647;
			files = (
				D20129251FCFED560097A967 /* HJAudioBubbleDemoUITests.m in Sources */,
			);
			runOnlyForDeploymentPostprocessing = 0;
		};
/* End PBXSourcesBuildPhase section */

/* Begin PBXTargetDependency section */
		D20129171FCFED560097A967 /* PBXTargetDependency */ = {
			isa = PBXTargetDependency;
			target = D20128FC1FCFED560097A967 /* HJAudioBubbleDemo */;
			targetProxy = D20129161FCFED560097A967 /* PBXContainerItemProxy */;
		};
		D20129221FCFED560097A967 /* PBXTargetDependency */ = {
			isa = PBXTargetDependency;
			target = D20128FC1FCFED560097A967 /* HJAudioBubbleDemo */;
			targetProxy = D20129211FCFED560097A967 /* PBXContainerItemProxy */;
		};
/* End PBXTargetDependency section */

/* Begin PBXVariantGroup section */
		D20129061FCFED560097A967 /* Main.storyboard */ = {
			isa = PBXVariantGroup;
			children = (
				D20129071FCFED560097A967 /* Base */,
			);
			name = Main.storyboard;
			sourceTree = "<group>";
		};
		D201290B1FCFED560097A967 /* LaunchScreen.storyboard */ = {
			isa = PBXVariantGroup;
			children = (
				D201290C1FCFED560097A967 /* Base */,
			);
			name = LaunchScreen.storyboard;
			sourceTree = "<group>";
		};
/* End PBXVariantGroup section */

/* Begin XCBuildConfiguration section */
		D20129271FCFED560097A967 /* Debug */ = {
			isa = XCBuildConfiguration;
			buildSettings = {
				ALWAYS_SEARCH_USER_PATHS = NO;
				CLANG_ANALYZER_NONNULL = YES;
				CLANG_ANALYZER_NUMBER_OBJECT_CONVERSION = YES_AGGRESSIVE;
				CLANG_CXX_LANGUAGE_STANDARD = "gnu++14";
				CLANG_CXX_LIBRARY = "libc++";
				CLANG_ENABLE_MODULES = YES;
				CLANG_ENABLE_OBJC_ARC = YES;
				CLANG_WARN_BLOCK_CAPTURE_AUTORELEASING = YES;
				CLANG_WARN_BOOL_CONVERSION = YES;
				CLANG_WARN_COMMA = YES;
				CLANG_WARN_CONSTANT_CONVERSION = YES;
				CLANG_WARN_DIRECT_OBJC_ISA_USAGE = YES_ERROR;
				CLANG_WARN_DOCUMENTATION_COMMENTS = YES;
				CLANG_WARN_EMPTY_BODY = YES;
				CLANG_WARN_ENUM_CONVERSION = YES;
				CLANG_WARN_INFINITE_RECURSION = YES;
				CLANG_WARN_INT_CONVERSION = YES;
				CLANG_WARN_NON_LITERAL_NULL_CONVERSION = YES;
				CLANG_WARN_OBJC_LITERAL_CONVERSION = YES;
				CLANG_WARN_OBJC_ROOT_CLASS = YES_ERROR;
				CLANG_WARN_RANGE_LOOP_ANALYSIS = YES;
				CLANG_WARN_STRICT_PROTOTYPES = YES;
				CLANG_WARN_SUSPICIOUS_MOVE = YES;
				CLANG_WARN_UNGUARDED_AVAILABILITY = YES_AGGRESSIVE;
				CLANG_WARN_UNREACHABLE_CODE = YES;
				CLANG_WARN__DUPLICATE_METHOD_MATCH = YES;
				CODE_SIGN_IDENTITY = "iPhone Developer";
				COPY_PHASE_STRIP = NO;
				DEBUG_INFORMATION_FORMAT = dwarf;
				ENABLE_STRICT_OBJC_MSGSEND = YES;
				ENABLE_TESTABILITY = YES;
				GCC_C_LANGUAGE_STANDARD = gnu11;
				GCC_DYNAMIC_NO_PIC = NO;
				GCC_NO_COMMON_BLOCKS = YES;
				GCC_OPTIMIZATION_LEVEL = 0;
				GCC_PREPROCESSOR_DEFINITIONS = (
					"DEBUG=1",
					"$(inherited)",
				);
				GCC_WARN_64_TO_32_BIT_CONVERSION = YES;
				GCC_WARN_ABOUT_RETURN_TYPE = YES_ERROR;
				GCC_WARN_UNDECLARED_SELECTOR = YES;
				GCC_WARN_UNINITIALIZED_AUTOS = YES_AGGRESSIVE;
				GCC_WARN_UNUSED_FUNCTION = YES;
				GCC_WARN_UNUSED_VARIABLE = YES;
				IPHONEOS_DEPLOYMENT_TARGET = 11.1;
				MTL_ENABLE_DEBUG_INFO = YES;
				ONLY_ACTIVE_ARCH = YES;
				SDKROOT = iphoneos;
			};
			name = Debug;
		};
		D20129281FCFED560097A967 /* Release */ = {
			isa = XCBuildConfiguration;
			buildSettings = {
				ALWAYS_SEARCH_USER_PATHS = NO;
				CLANG_ANALYZER_NONNULL = YES;
				CLANG_ANALYZER_NUMBER_OBJECT_CONVERSION = YES_AGGRESSIVE;
				CLANG_CXX_LANGUAGE_STANDARD = "gnu++14";
				CLANG_CXX_LIBRARY = "libc++";
				CLANG_ENABLE_MODULES = YES;
				CLANG_ENABLE_OBJC_ARC = YES;
				CLANG_WARN_BLOCK_CAPTURE_AUTORELEASING = YES;
				CLANG_WARN_BOOL_CONVERSION = YES;
				CLANG_WARN_COMMA = YES;
				CLANG_WARN_CONSTANT_CONVERSION = YES;
				CLANG_WARN_DIRECT_OBJC_ISA_USAGE = YES_ERROR;
				CLANG_WARN_DOCUMENTATION_COMMENTS = YES;
				CLANG_WARN_EMPTY_BODY = YES;
				CLANG_WARN_ENUM_CONVERSION = YES;
				CLANG_WARN_INFINITE_RECURSION = YES;
				CLANG_WARN_INT_CONVERSION = YES;
				CLANG_WARN_NON_LITERAL_NULL_CONVERSION = YES;
				CLANG_WARN_OBJC_LITERAL_CONVERSION = YES;
				CLANG_WARN_OBJC_ROOT_CLASS = YES_ERROR;
				CLANG_WARN_RANGE_LOOP_ANALYSIS = YES;
				CLANG_WARN_STRICT_PROTOTYPES = YES;
				CLANG_WARN_SUSPICIOUS_MOVE = YES;
				CLANG_WARN_UNGUARDED_AVAILABILITY = YES_AGGRESSIVE;
				CLANG_WARN_UNREACHABLE_CODE = YES;
				CLANG_WARN__DUPLICATE_METHOD_MATCH = YES;
				CODE_SIGN_IDENTITY = "iPhone Developer";
				COPY_PHASE_STRIP = NO;
				DEBUG_INFORMATION_FORMAT = "dwarf-with-dsym";
				ENABLE_NS_ASSERTIONS = NO;
				ENABLE_STRICT_OBJC_MSGSEND = YES;
				GCC_C_LANGUAGE_STANDARD = gnu11;
				GCC_NO_COMMON_BLOCKS = YES;
				GCC_WARN_64_TO_32_BIT_CONVERSION = YES;
				GCC_WARN_ABOUT_RETURN_TYPE = YES_ERROR;
				GCC_WARN_UNDECLARED_SELECTOR = YES;
				GCC_WARN_UNINITIALIZED_AUTOS = YES_AGGRESSIVE;
				GCC_WARN_UNUSED_FUNCTION = YES;
				GCC_WARN_UNUSED_VARIABLE = YES;
				IPHONEOS_DEPLOYMENT_TARGET = 11.1;
				MTL_ENABLE_DEBUG_INFO = NO;
				SDKROOT = iphoneos;
				VALIDATE_PRODUCT = YES;
			};
			name = Release;
		};
		D201292A1FCFED560097A967 /* Debug */ = {
			isa = XCBuildConfiguration;
			buildSettings = {
				ASSETCATALOG_COMPILER_APPICON_NAME = AppIcon;
				CODE_SIGN_STYLE = Automatic;
				DEVELOPMENT_TEAM = 2PZMTS6D3B;
				INFOPLIST_FILE = HJAudioBubbleDemo/Info.plist;
				LD_RUNPATH_SEARCH_PATHS = "$(inherited) @executable_path/Frameworks";
				PRODUCT_BUNDLE_IDENTIFIER = com.psl.whj.HJAudioBubbleDemo;
				PRODUCT_NAME = "$(TARGET_NAME)";
				TARGETED_DEVICE_FAMILY = "1,2";
			};
			name = Debug;
		};
		D201292B1FCFED560097A967 /* Release */ = {
			isa = XCBuildConfiguration;
			buildSettings = {
				ASSETCATALOG_COMPILER_APPICON_NAME = AppIcon;
				CODE_SIGN_STYLE = Automatic;
				DEVELOPMENT_TEAM = 2PZMTS6D3B;
				INFOPLIST_FILE = HJAudioBubbleDemo/Info.plist;
				LD_RUNPATH_SEARCH_PATHS = "$(inherited) @executable_path/Frameworks";
				PRODUCT_BUNDLE_IDENTIFIER = com.psl.whj.HJAudioBubbleDemo;
				PRODUCT_NAME = "$(TARGET_NAME)";
				TARGETED_DEVICE_FAMILY = "1,2";
			};
			name = Release;
		};
		D201292D1FCFED560097A967 /* Debug */ = {
			isa = XCBuildConfiguration;
			buildSettings = {
				BUNDLE_LOADER = "$(TEST_HOST)";
				CODE_SIGN_STYLE = Automatic;
				DEVELOPMENT_TEAM = 2PZMTS6D3B;
				INFOPLIST_FILE = HJAudioBubbleDemoTests/Info.plist;
				LD_RUNPATH_SEARCH_PATHS = "$(inherited) @executable_path/Frameworks @loader_path/Frameworks";
				PRODUCT_BUNDLE_IDENTIFIER = com.psl.whj.HJAudioBubbleDemoTests;
				PRODUCT_NAME = "$(TARGET_NAME)";
				TARGETED_DEVICE_FAMILY = "1,2";
				TEST_HOST = "$(BUILT_PRODUCTS_DIR)/HJAudioBubbleDemo.app/HJAudioBubbleDemo";
			};
			name = Debug;
		};
		D201292E1FCFED560097A967 /* Release */ = {
			isa = XCBuildConfiguration;
			buildSettings = {
				BUNDLE_LOADER = "$(TEST_HOST)";
				CODE_SIGN_STYLE = Automatic;
				DEVELOPMENT_TEAM = 2PZMTS6D3B;
				INFOPLIST_FILE = HJAudioBubbleDemoTests/Info.plist;
				LD_RUNPATH_SEARCH_PATHS = "$(inherited) @executable_path/Frameworks @loader_path/Frameworks";
				PRODUCT_BUNDLE_IDENTIFIER = com.psl.whj.HJAudioBubbleDemoTests;
				PRODUCT_NAME = "$(TARGET_NAME)";
				TARGETED_DEVICE_FAMILY = "1,2";
				TEST_HOST = "$(BUILT_PRODUCTS_DIR)/HJAudioBubbleDemo.app/HJAudioBubbleDemo";
			};
			name = Release;
		};
		D20129301FCFED560097A967 /* Debug */ = {
			isa = XCBuildConfiguration;
			buildSettings = {
				CODE_SIGN_STYLE = Automatic;
				DEVELOPMENT_TEAM = 2PZMTS6D3B;
				INFOPLIST_FILE = HJAudioBubbleDemoUITests/Info.plist;
				LD_RUNPATH_SEARCH_PATHS = "$(inherited) @executable_path/Frameworks @loader_path/Frameworks";
				PRODUCT_BUNDLE_IDENTIFIER = com.psl.whj.HJAudioBubbleDemoUITests;
				PRODUCT_NAME = "$(TARGET_NAME)";
				TARGETED_DEVICE_FAMILY = "1,2";
				TEST_TARGET_NAME = HJAudioBubbleDemo;
			};
			name = Debug;
		};
		D20129311FCFED560097A967 /* Release */ = {
			isa = XCBuildConfiguration;
			buildSettings = {
				CODE_SIGN_STYLE = Automatic;
				DEVELOPMENT_TEAM = 2PZMTS6D3B;
				INFOPLIST_FILE = HJAudioBubbleDemoUITests/Info.plist;
				LD_RUNPATH_SEARCH_PATHS = "$(inherited) @executable_path/Frameworks @loader_path/Frameworks";
				PRODUCT_BUNDLE_IDENTIFIER = com.psl.whj.HJAudioBubbleDemoUITests;
				PRODUCT_NAME = "$(TARGET_NAME)";
				TARGETED_DEVICE_FAMILY = "1,2";
				TEST_TARGET_NAME = HJAudioBubbleDemo;
			};
			name = Release;
		};
/* End XCBuildConfiguration section */

/* Begin XCConfigurationList section */
		D20128F81FCFED560097A967 /* Build configuration list for PBXProject "HJAudioBubbleDemo" */ = {
			isa = XCConfigurationList;
			buildConfigurations = (
				D20129271FCFED560097A967 /* Debug */,
				D20129281FCFED560097A967 /* Release */,
			);
			defaultConfigurationIsVisible = 0;
			defaultConfigurationName = Release;
		};
		D20129291FCFED560097A967 /* Build configuration list for PBXNativeTarget "HJAudioBubbleDemo" */ = {
			isa = XCConfigurationList;
			buildConfigurations = (
				D201292A1FCFED560097A967 /* Debug */,
				D201292B1FCFED560097A967 /* Release */,
			);
			defaultConfigurationIsVisible = 0;
			defaultConfigurationName = Release;
		};
		D201292C1FCFED560097A967 /* Build configuration list for PBXNativeTarget "HJAudioBubbleDemoTests" */ = {
			isa = XCConfigurationList;
			buildConfigurations = (
				D201292D1FCFED560097A967 /* Debug */,
				D201292E1FCFED560097A967 /* Release */,
			);
			defaultConfigurationIsVisible = 0;
			defaultConfigurationName = Release;
		};
		D201292F1FCFED560097A967 /* Build configuration list for PBXNativeTarget "HJAudioBubbleDemoUITests" */ = {
			isa = XCConfigurationList;
			buildConfigurations = (
				D20129301FCFED560097A967 /* Debug */,
				D20129311FCFED560097A967 /* Release */,
			);
			defaultConfigurationIsVisible = 0;
			defaultConfigurationName = Release;
		};
/* End XCConfigurationList section */
	};
	rootObject = D20128F51FCFED560097A967 /* Project object */;
}
